github.com/davecgh/go-spew v1.1.1 h1:vj9j/u1bqnvCEfJOwUhtlOARqs3+rkHYY13jYWTU97c=
github.com/davecgh/go-spew v1.1.1/go.mod h1:J7Y8YcW2NihsgmVo/mv3lAwl/skON4iLHjSsI+c5H38=
github.com/go-echarts/go-echarts/v2 v2.7.2 h1:lhypL1CekgqaLHM5V7fBPfaYGfimJ9dGylkk65aWlNI=
github.com/go-echarts/go-echarts/v2 v2.7.2/go.mod h1:Z+spPygZRIEyqod69r0WMnkN5RV3MwhYDtw601w3G8w=
github.com/pmezard/go-difflib v1.0.0 h1:4DBwDE0NGyQoBHbLQYPwSUPoCMWR5BEzIk/f1lZbAQM=
github.com/pmezard/go-difflib v1.0.0/go.mod h1:iKH77koFhYxTK1pcRnkKkqfTogsbg7gZNVY4sRDYZ/4=
github.com/stretchr/testify v1.6.0 h1:jlIyCplCJFULU/01vCkhKuTyc3OorI3bJFuw6obfgho=
github.com/stretchr/testify v1.6.0/go.mod h1:6Fq8oRcR53rry900zMqJjRRixrwX3KX962/h/Wwjteg=
gopkg.in/dnaeon/go-deque.v1 v1.0.0-20251121085639-531ddbf8ba89 h1:f57Zx1Z3ra8DIWshzggo869Hx1cpIhCxMyLAsN9+OfQ=
gopkg.in/dnaeon/go-deque.v1 v1.0.0-20251121085639-531ddbf8ba89/go.mod h1:mAZ2p0oPgDAeRlUKq3IJOE9RvqVvA3BIA4WKxG/9zDM=
gopkg.in/dnaeon/go-graph.v1 v1.0.3 h1:4YYfXmiJas8OVvBbmNJLfnGadeYxAv5/tYJTR5NUlXg=
gopkg.in/dnaeon/go-graph.v1 v1.0.3/go.mod h1:oOPy3Bhl7AjZHBohwnReqrPqfGppnELxHcyIEe5hz7Q=
gopkg.in/dnaeon/go-priorityqueue.v1 v1.1.1 h1:AS4IIyStH/47cZpPdBk/Db6QXg+UmcDjZvSOoDgGsbU=
gopkg.in/dnaeon/go-priorityqueue.v1 v1.1.1/go.mod h1:JNUtwj2QQsBHhsIHNjxdDaSmLW4RZtvJHO8VYtsMkY4=
gopkg.in/yaml.v3 v3.0.1 h1:fxVm/GzAzEWqLHuvctI91KS9hhNmmWOoWu0XTYJS7CA=
gopkg.in/yaml.v3 v3.0.1/go.mod h1:K4uyk7z7BCEPqu6E+C64Yfv1cQ7kz7rIZviUmN+EgEM=
