github.com/davecgh/go-spew v1.1.1 h1:vj9j/u1bqnvCEfJOwUhtlOARqs3+rkHYY13jYWTU97c=
github.com/davecgh/go-spew v1.1.1/go.mod h1:J7Y8YcW2NihsgmVo/mv3lAwl/skON4iLHjSsI+c5H38=
github.com/go-echarts/go-echarts/v2 v2.5.4 h1:bw0REczgtgI/o7GPqae4AzsiJwwyJvyWwJ7vuM0G6tQ=
github.com/go-echarts/go-echarts/v2 v2.5.4/go.mod h1:56YlvzhW/a+du15f3S2qUGNDfKnFOeJSThBIrVFHDtI=
github.com/pmezard/go-difflib v1.0.0 h1:4DBwDE0NGyQoBHbLQYPwSUPoCMWR5BEzIk/f1lZbAQM=
github.com/pmezard/go-difflib v1.0.0/go.mod h1:iKH77koFhYxTK1pcRnkKkqfTogsbg7gZNVY4sRDYZ/4=
github.com/stretchr/testify v1.6.0 h1:jlIyCplCJFULU/01vCkhKuTyc3OorI3bJFuw6obfgho=
github.com/stretchr/testify v1.6.0/go.mod h1:6Fq8oRcR53rry900zMqJjRRixrwX3KX962/h/Wwjteg=
gopkg.in/dnaeon/go-deque.v1 v1.0.0-20250203064611-7d48f7299755 h1:wB8d7G8z0rrFgS/Wr16pBVL3MxFp8M+/fTJGcBAxn1k=
gopkg.in/dnaeon/go-deque.v1 v1.0.0-20250203064611-7d48f7299755/go.mod h1:mAZ2p0oPgDAeRlUKq3IJOE9RvqVvA3BIA4WKxG/9zDM=
gopkg.in/dnaeon/go-graph.v1 v1.0.2 h1:OHShBkXqG65QSQwU0/CQfcqMvJh/+XoR7gZiPprtEVc=
gopkg.in/dnaeon/go-graph.v1 v1.0.2/go.mod h1:N9qN2W5CwdzCVmrqtLPmQ3HawuV81HBhuIyUJiMoXT0=
gopkg.in/dnaeon/go-priorityqueue.v1 v1.1.1 h1:AS4IIyStH/47cZpPdBk/Db6QXg+UmcDjZvSOoDgGsbU=
gopkg.in/dnaeon/go-priorityqueue.v1 v1.1.1/go.mod h1:JNUtwj2QQsBHhsIHNjxdDaSmLW4RZtvJHO8VYtsMkY4=
gopkg.in/yaml.v3 v3.0.0 h1:hjy8E9ON/egN1tAYqKb61G10WtihqetD4sz2H+8nIeA=
gopkg.in/yaml.v3 v3.0.0/go.mod h1:K4uyk7z7BCEPqu6E+C64Yfv1cQ7kz7rIZviUmN+EgEM=
